# THIS IS AN AUTOGENERATED FILE. DO NOT EDIT THIS FILE DIRECTLY.
# yarn lockfile v1


plotly.js-dist@^1.58.4:
  version "1.58.4"
  resolved "https://registry.yarnpkg.com/plotly.js-dist/-/plotly.js-dist-1.58.4.tgz#d57b73d27af57a0d6cd2cf9428a001962889cf5b"
  integrity sha512-oXCTRJFN8FBsHZSQPYoM3LuJQchPUrf6sOXFC0EFdvcr5lmJmLcAsW74jDy9PkRpm3PB+A+2oY1hsUMmk2eZbw==
